
Microsoft Visual Studio Solution File, Format Version 12.00
# Visual Studio Version 16
VisualStudioVersion = 16.0.29613.14
MinimumVisualStudioVersion = 10.0.40219.1
Project("{FAE04EC0-301F-11D3-BF4B-00C04F79EFBC}") = "Client", "Client\Client.csproj", "{254620AE-53AA-4C81-94A2-0A9519873FCA}"
EndProject
Project("{FAE04EC0-301F-11D3-BF4B-00C04F79EFBC}") = "API", "API\API.csproj", "{7ADCF21F-4D2A-4400-9E84-0588D39E8C7D}"
EndProject
Global
	GlobalSection(SolutionConfigurationPlatforms) = preSolution
		Debug|Any CPU = Debug|Any CPU
		Release|Any CPU = Release|Any CPU
	EndGlobalSection
	GlobalSection(ProjectConfigurationPlatforms) = postSolution
		{254620AE-53AA-4C81-94A2-0A9519873FCA}.Debug|Any CPU.ActiveCfg = Debug|Any CPU
		{254620AE-53AA-4C81-94A2-0A9519873FCA}.Debug|Any CPU.Build.0 = Debug|Any CPU
		{254620AE-53AA-4C81-94A2-0A9519873FCA}.Release|Any CPU.ActiveCfg = Release|Any CPU
		{254620AE-53AA-4C81-94A2-0A9519873FCA}.Release|Any CPU.Build.0 = Release|Any CPU
		{7ADCF21F-4D2A-4400-9E84-0588D39E8C7D}.Debug|Any CPU.ActiveCfg = Debug|Any CPU
		{7ADCF21F-4D2A-4400-9E84-0588D39E8C7D}.Debug|Any CPU.Build.0 = Debug|Any CPU
		{7ADCF21F-4D2A-4400-9E84-0588D39E8C7D}.Release|Any CPU.ActiveCfg = Release|Any CPU
		{7ADCF21F-4D2A-4400-9E84-0588D39E8C7D}.Release|Any CPU.Build.0 = Release|Any CPU
	EndGlobalSection
	GlobalSection(SolutionProperties) = preSolution
		HideSolutionNode = FALSE
	EndGlobalSection
	GlobalSection(ExtensibilityGlobals) = postSolution
		SolutionGuid = {DE43FC77-825E-4488-BC59-F3591DC832E3}
	EndGlobalSection
EndGlobal
